// !$*UTF8*$!
{
	archiveVersion = 1;
	classes = {
	};
	objectVersion = 56;
	objects = {

/* Begin PBXBuildFile section */
		298B84132A26934D0023FF9C /* PlayfairDisplay-Medium.ttf in Resources */ = {isa = PBXBuildFile; fileRef = 298B84072A26934D0023FF9C /* PlayfairDisplay-Medium.ttf */; };
		298B84142A26934D0023FF9C /* PlayfairDisplay-SemiBold.ttf in Resources */ = {isa = PBXBuildFile; fileRef = 298B84082A26934D0023FF9C /* PlayfairDisplay-SemiBold.ttf */; };
		298B84152A26934D0023FF9C /* PlayfairDisplay-ExtraBoldItalic.ttf in Resources */ = {isa = PBXBuildFile; fileRef = 298B84092A26934D0023FF9C /* PlayfairDisplay-ExtraBoldItalic.ttf */; };
		298B84162A26934D0023FF9C /* PlayfairDisplay-Bold.ttf in Resources */ = {isa = PBXBuildFile; fileRef = 298B840A2A26934D0023FF9C /* PlayfairDisplay-Bold.ttf */; };
		298B84172A26934D0023FF9C /* PlayfairDisplay-BoldItalic.ttf in Resources */ = {isa = PBXBuildFile; fileRef = 298B840B2A26934D0023FF9C /* PlayfairDisplay-BoldItalic.ttf */; };
		298B84182A26934D0023FF9C /* PlayfairDisplay-Black.ttf in Resources */ = {isa = PBXBuildFile; fileRef = 298B840C2A26934D0023FF9C /* PlayfairDisplay-Black.ttf */; };
		298B84192A26934D0023FF9C /* PlayfairDisplay-Italic.ttf in Resources */ = {isa = PBXBuildFile; fileRef = 298B840D2A26934D0023FF9C /* PlayfairDisplay-Italic.ttf */; };
		298B841A2A26934D0023FF9C /* PlayfairDisplay-MediumItalic.ttf in Resources */ = {isa = PBXBuildFile; fileRef = 298B840E2A26934D0023FF9C /* PlayfairDisplay-MediumItalic.ttf */; };
		298B841B2A26934D0023FF9C /* PlayfairDisplay-Regular.ttf in Resources */ = {isa = PBXBuildFile; fileRef = 298B840F2A26934D0023FF9C /* PlayfairDisplay-Regular.ttf */; };
		298B841C2A26934D0023FF9C /* PlayfairDisplay-SemiBoldItalic.ttf in Resources */ = {isa = PBXBuildFile; fileRef = 298B84102A26934D0023FF9C /* PlayfairDisplay-SemiBoldItalic.ttf */; };
		298B841D2A26934D0023FF9C /* PlayfairDisplay-BlackItalic.ttf in Resources */ = {isa = PBXBuildFile; fileRef = 298B84112A26934D0023FF9C /* PlayfairDisplay-BlackItalic.ttf */; };
		298B841E2A26934D0023FF9C /* PlayfairDisplay-ExtraBold.ttf in Resources */ = {isa = PBXBuildFile; fileRef = 298B84122A26934D0023FF9C /* PlayfairDisplay-ExtraBold.ttf */; };
		29B12A382A24CAE200F19885 /* CorporateWellnessApp.swift in Sources */ = {isa = PBXBuildFile; fileRef = 29B12A372A24CAE200F19885 /* CorporateWellnessApp.swift */; };
		29B12A3A2A24CAE200F19885 /* ContentView.swift in Sources */ = {isa = PBXBuildFile; fileRef = 29B12A392A24CAE200F19885 /* ContentView.swift */; };
		29B12A3C2A24CAE300F19885 /* Assets.xcassets in Resources */ = {isa = PBXBuildFile; fileRef = 29B12A3B2A24CAE300F19885 /* Assets.xcassets */; };
		29B12A3F2A24CAE300F19885 /* Preview Assets.xcassets in Resources */ = {isa = PBXBuildFile; fileRef = 29B12A3E2A24CAE300F19885 /* Preview Assets.xcassets */; };
		29B12A462A24D5A000F19885 /* extensions.swift in Sources */ = {isa = PBXBuildFile; fileRef = 29B12A452A24D5A000F19885 /* extensions.swift */; };
		29B12A482A24E7E000F19885 /* Dashboard.swift in Sources */ = {isa = PBXBuildFile; fileRef = 29B12A472A24E7E000F19885 /* Dashboard.swift */; };
		29B12A4A2A24E83B00F19885 /* enums.swift in Sources */ = {isa = PBXBuildFile; fileRef = 29B12A492A24E83B00F19885 /* enums.swift */; };
		29B12A4C2A24EAA100F19885 /* NotesView.swift in Sources */ = {isa = PBXBuildFile; fileRef = 29B12A4B2A24EAA100F19885 /* NotesView.swift */; };
		29B12A4E2A24EAAB00F19885 /* CalenderView.swift in Sources */ = {isa = PBXBuildFile; fileRef = 29B12A4D2A24EAAB00F19885 /* CalenderView.swift */; };
		29B12A502A24EABA00F19885 /* MessagesView.swift in Sources */ = {isa = PBXBuildFile; fileRef = 29B12A4F2A24EABA00F19885 /* MessagesView.swift */; };
		29B12A522A24EAC200F19885 /* SettingsView.swift in Sources */ = {isa = PBXBuildFile; fileRef = 29B12A512A24EAC200F19885 /* SettingsView.swift */; };
		29B12A542A24F69F00F19885 /* TakeABreakView.swift in Sources */ = {isa = PBXBuildFile; fileRef = 29B12A532A24F69F00F19885 /* TakeABreakView.swift */; };
		29B12A562A2517E800F19885 /* Event.swift in Sources */ = {isa = PBXBuildFile; fileRef = 29B12A552A2517E800F19885 /* Event.swift */; };
		29B12A582A25188C00F19885 /* DailyEvents.swift in Sources */ = {isa = PBXBuildFile; fileRef = 29B12A572A25188C00F19885 /* DailyEvents.swift */; };
/* End PBXBuildFile section */

/* Begin PBXFileReference section */
		298B84072A26934D0023FF9C /* PlayfairDisplay-Medium.ttf */ = {isa = PBXFileReference; lastKnownFileType = file; path = "PlayfairDisplay-Medium.ttf"; sourceTree = "<group>"; };
		298B84082A26934D0023FF9C /* PlayfairDisplay-SemiBold.ttf */ = {isa = PBXFileReference; lastKnownFileType = file; path = "PlayfairDisplay-SemiBold.ttf"; sourceTree = "<group>"; };
		298B84092A26934D0023FF9C /* PlayfairDisplay-ExtraBoldItalic.ttf */ = {isa = PBXFileReference; lastKnownFileType = file; path = "PlayfairDisplay-ExtraBoldItalic.ttf"; sourceTree = "<group>"; };
		298B840A2A26934D0023FF9C /* PlayfairDisplay-Bold.ttf */ = {isa = PBXFileReference; lastKnownFileType = file; path = "PlayfairDisplay-Bold.ttf"; sourceTree = "<group>"; };
		298B840B2A26934D0023FF9C /* PlayfairDisplay-BoldItalic.ttf */ = {isa = PBXFileReference; lastKnownFileType = file; path = "PlayfairDisplay-BoldItalic.ttf"; sourceTree = "<group>"; };
		298B840C2A26934D0023FF9C /* PlayfairDisplay-Black.ttf */ = {isa = PBXFileReference; lastKnownFileType = file; path = "PlayfairDisplay-Black.ttf"; sourceTree = "<group>"; };
		298B840D2A26934D0023FF9C /* PlayfairDisplay-Italic.ttf */ = {isa = PBXFileReference; lastKnownFileType = file; path = "PlayfairDisplay-Italic.ttf"; sourceTree = "<group>"; };
		298B840E2A26934D0023FF9C /* PlayfairDisplay-MediumItalic.ttf */ = {isa = PBXFileReference; lastKnownFileType = file; path = "PlayfairDisplay-MediumItalic.ttf"; sourceTree = "<group>"; };
		298B840F2A26934D0023FF9C /* PlayfairDisplay-Regular.ttf */ = {isa = PBXFileReference; lastKnownFileType = file; path = "PlayfairDisplay-Regular.ttf"; sourceTree = "<group>"; };
		298B84102A26934D0023FF9C /* PlayfairDisplay-SemiBoldItalic.ttf */ = {isa = PBXFileReference; lastKnownFileType = file; path = "PlayfairDisplay-SemiBoldItalic.ttf"; sourceTree = "<group>"; };
		298B84112A26934D0023FF9C /* PlayfairDisplay-BlackItalic.ttf */ = {isa = PBXFileReference; lastKnownFileType = file; path = "PlayfairDisplay-BlackItalic.ttf"; sourceTree = "<group>"; };
		298B84122A26934D0023FF9C /* PlayfairDisplay-ExtraBold.ttf */ = {isa = PBXFileReference; lastKnownFileType = file; path = "PlayfairDisplay-ExtraBold.ttf"; sourceTree = "<group>"; };
		298B841F2A2693E40023FF9C /* Info.plist */ = {isa = PBXFileReference; lastKnownFileType = text.plist; path = Info.plist; sourceTree = "<group>"; };
		29B12A342A24CAE200F19885 /* CorporateWellness.app */ = {isa = PBXFileReference; explicitFileType = wrapper.application; includeInIndex = 0; path = CorporateWellness.app; sourceTree = BUILT_PRODUCTS_DIR; };
		29B12A372A24CAE200F19885 /* CorporateWellnessApp.swift */ = {isa = PBXFileReference; lastKnownFileType = sourcecode.swift; path = CorporateWellnessApp.swift; sourceTree = "<group>"; };
		29B12A392A24CAE200F19885 /* ContentView.swift */ = {isa = PBXFileReference; lastKnownFileType = sourcecode.swift; path = ContentView.swift; sourceTree = "<group>"; };
		29B12A3B2A24CAE300F19885 /* Assets.xcassets */ = {isa = PBXFileReference; lastKnownFileType = folder.assetcatalog; path = Assets.xcassets; sourceTree = "<group>"; };
		29B12A3E2A24CAE300F19885 /* Preview Assets.xcassets */ = {isa = PBXFileReference; lastKnownFileType = folder.assetcatalog; path = "Preview Assets.xcassets"; sourceTree = "<group>"; };
		29B12A452A24D5A000F19885 /* extensions.swift */ = {isa = PBXFileReference; lastKnownFileType = sourcecode.swift; path = extensions.swift; sourceTree = "<group>"; };
		29B12A472A24E7E000F19885 /* Dashboard.swift */ = {isa = PBXFileReference; lastKnownFileType = sourcecode.swift; path = Dashboard.swift; sourceTree = "<group>"; };
		29B12A492A24E83B00F19885 /* enums.swift */ = {isa = PBXFileReference; lastKnownFileType = sourcecode.swift; path = enums.swift; sourceTree = "<group>"; };
		29B12A4B2A24EAA100F19885 /* NotesView.swift */ = {isa = PBXFileReference; lastKnownFileType = sourcecode.swift; path = NotesView.swift; sourceTree = "<group>"; };
		29B12A4D2A24EAAB00F19885 /* CalenderView.swift */ = {isa = PBXFileReference; lastKnownFileType = sourcecode.swift; path = CalenderView.swift; sourceTree = "<group>"; };
		29B12A4F2A24EABA00F19885 /* MessagesView.swift */ = {isa = PBXFileReference; lastKnownFileType = sourcecode.swift; path = MessagesView.swift; sourceTree = "<group>"; };
		29B12A512A24EAC200F19885 /* SettingsView.swift */ = {isa = PBXFileReference; lastKnownFileType = sourcecode.swift; path = SettingsView.swift; sourceTree = "<group>"; };
		29B12A532A24F69F00F19885 /* TakeABreakView.swift */ = {isa = PBXFileReference; lastKnownFileType = sourcecode.swift; path = TakeABreakView.swift; sourceTree = "<group>"; };
		29B12A552A2517E800F19885 /* Event.swift */ = {isa = PBXFileReference; lastKnownFileType = sourcecode.swift; path = Event.swift; sourceTree = "<group>"; };
		29B12A572A25188C00F19885 /* DailyEvents.swift */ = {isa = PBXFileReference; lastKnownFileType = sourcecode.swift; path = DailyEvents.swift; sourceTree = "<group>"; };
/* End PBXFileReference section */

/* Begin PBXFrameworksBuildPhase section */
		29B12A312A24CAE200F19885 /* Frameworks */ = {
			isa = PBXFrameworksBuildPhase;
			buildActionMask = 2147483647;
			files = (
			);
			runOnlyForDeploymentPostprocessing = 0;
		};
/* End PBXFrameworksBuildPhase section */

/* Begin PBXGroup section */
		298B84062A2693020023FF9C /* Fonts */ = {
			isa = PBXGroup;
			children = (
				298B840C2A26934D0023FF9C /* PlayfairDisplay-Black.ttf */,
				298B84112A26934D0023FF9C /* PlayfairDisplay-BlackItalic.ttf */,
				298B840A2A26934D0023FF9C /* PlayfairDisplay-Bold.ttf */,
				298B840B2A26934D0023FF9C /* PlayfairDisplay-BoldItalic.ttf */,
				298B84122A26934D0023FF9C /* PlayfairDisplay-ExtraBold.ttf */,
				298B84092A26934D0023FF9C /* PlayfairDisplay-ExtraBoldItalic.ttf */,
				298B840D2A26934D0023FF9C /* PlayfairDisplay-Italic.ttf */,
				298B84072A26934D0023FF9C /* PlayfairDisplay-Medium.ttf */,
				298B840E2A26934D0023FF9C /* PlayfairDisplay-MediumItalic.ttf */,
				298B840F2A26934D0023FF9C /* PlayfairDisplay-Regular.ttf */,
				298B84082A26934D0023FF9C /* PlayfairDisplay-SemiBold.ttf */,
				298B84102A26934D0023FF9C /* PlayfairDisplay-SemiBoldItalic.ttf */,
			);
			path = Fonts;
			sourceTree = "<group>";
		};
		29B12A2B2A24CAE200F19885 = {
			isa = PBXGroup;
			children = (
				29B12A362A24CAE200F19885 /* CorporateWellness */,
				29B12A352A24CAE200F19885 /* Products */,
			);
			sourceTree = "<group>";
		};
		29B12A352A24CAE200F19885 /* Products */ = {
			isa = PBXGroup;
			children = (
				29B12A342A24CAE200F19885 /* CorporateWellness.app */,
			);
			name = Products;
			sourceTree = "<group>";
		};
		29B12A362A24CAE200F19885 /* CorporateWellness */ = {
			isa = PBXGroup;
			children = (
				298B841F2A2693E40023FF9C /* Info.plist */,
				298B84062A2693020023FF9C /* Fonts */,
				29B12A372A24CAE200F19885 /* CorporateWellnessApp.swift */,
				29B12A392A24CAE200F19885 /* ContentView.swift */,
				29B12A472A24E7E000F19885 /* Dashboard.swift */,
				29B12A532A24F69F00F19885 /* TakeABreakView.swift */,
				29B12A4B2A24EAA100F19885 /* NotesView.swift */,
				29B12A4D2A24EAAB00F19885 /* CalenderView.swift */,
				29B12A4F2A24EABA00F19885 /* MessagesView.swift */,
				29B12A512A24EAC200F19885 /* SettingsView.swift */,
				29B12A492A24E83B00F19885 /* enums.swift */,
				29B12A452A24D5A000F19885 /* extensions.swift */,
				29B12A552A2517E800F19885 /* Event.swift */,
				29B12A572A25188C00F19885 /* DailyEvents.swift */,
				29B12A3B2A24CAE300F19885 /* Assets.xcassets */,
				29B12A3D2A24CAE300F19885 /* Preview Content */,
			);
			path = CorporateWellness;
			sourceTree = "<group>";
		};
		29B12A3D2A24CAE300F19885 /* Preview Content */ = {
			isa = PBXGroup;
			children = (
				29B12A3E2A24CAE300F19885 /* Preview Assets.xcassets */,
			);
			path = "Preview Content";
			sourceTree = "<group>";
		};
/* End PBXGroup section */

/* Begin PBXNativeTarget section */
		29B12A332A24CAE200F19885 /* CorporateWellness */ = {
			isa = PBXNativeTarget;
			buildConfigurationList = 29B12A422A24CAE300F19885 /* Build configuration list for PBXNativeTarget "CorporateWellness" */;
			buildPhases = (
				29B12A302A24CAE200F19885 /* Sources */,
				29B12A312A24CAE200F19885 /* Frameworks */,
				29B12A322A24CAE200F19885 /* Resources */,
			);
			buildRules = (
			);
			dependencies = (
			);
			name = CorporateWellness;
			productName = CorporateWellness;
			productReference = 29B12A342A24CAE200F19885 /* CorporateWellness.app */;
			productType = "com.apple.product-type.application";
		};
/* End PBXNativeTarget section */

/* Begin PBXProject section */
		29B12A2C2A24CAE200F19885 /* Project object */ = {
			isa = PBXProject;
			attributes = {
				BuildIndependentTargetsInParallel = 1;
				LastSwiftUpdateCheck = 1420;
				LastUpgradeCheck = 1420;
				TargetAttributes = {
					29B12A332A24CAE200F19885 = {
						CreatedOnToolsVersion = 14.2;
					};
				};
			};
			buildConfigurationList = 29B12A2F2A24CAE200F19885 /* Build configuration list for PBXProject "CorporateWellness" */;
			compatibilityVersion = "Xcode 14.0";
			developmentRegion = en;
			hasScannedForEncodings = 0;
			knownRegions = (
				en,
				Base,
			);
			mainGroup = 29B12A2B2A24CAE200F19885;
			productRefGroup = 29B12A352A24CAE200F19885 /* Products */;
			projectDirPath = "";
			projectRoot = "";
			targets = (
				29B12A332A24CAE200F19885 /* CorporateWellness */,
			);
		};
/* End PBXProject section */

/* Begin PBXResourcesBuildPhase section */
		29B12A322A24CAE200F19885 /* Resources */ = {
			isa = PBXResourcesBuildPhase;
			buildActionMask = 2147483647;
			files = (
				298B84192A26934D0023FF9C /* PlayfairDisplay-Italic.ttf in Resources */,
				298B84162A26934D0023FF9C /* PlayfairDisplay-Bold.ttf in Resources */,
				298B841C2A26934D0023FF9C /* PlayfairDisplay-SemiBoldItalic.ttf in Resources */,
				298B841A2A26934D0023FF9C /* PlayfairDisplay-MediumItalic.ttf in Resources */,
				29B12A3F2A24CAE300F19885 /* Preview Assets.xcassets in Resources */,
				298B84152A26934D0023FF9C /* PlayfairDisplay-ExtraBoldItalic.ttf in Resources */,
				298B84132A26934D0023FF9C /* PlayfairDisplay-Medium.ttf in Resources */,
				298B841D2A26934D0023FF9C /* PlayfairDisplay-BlackItalic.ttf in Resources */,
				298B84142A26934D0023FF9C /* PlayfairDisplay-SemiBold.ttf in Resources */,
				298B841B2A26934D0023FF9C /* PlayfairDisplay-Regular.ttf in Resources */,
				298B84182A26934D0023FF9C /* PlayfairDisplay-Black.ttf in Resources */,
				29B12A3C2A24CAE300F19885 /* Assets.xcassets in Resources */,
				298B84172A26934D0023FF9C /* PlayfairDisplay-BoldItalic.ttf in Resources */,
				298B841E2A26934D0023FF9C /* PlayfairDisplay-ExtraBold.ttf in Resources */,
			);
			runOnlyForDeploymentPostprocessing = 0;
		};
/* End PBXResourcesBuildPhase section */

/* Begin PBXSourcesBuildPhase section */
		29B12A302A24CAE200F19885 /* Sources */ = {
			isa = PBXSourcesBuildPhase;
			buildActionMask = 2147483647;
			files = (
				29B12A582A25188C00F19885 /* DailyEvents.swift in Sources */,
				29B12A502A24EABA00F19885 /* MessagesView.swift in Sources */,
				29B12A562A2517E800F19885 /* Event.swift in Sources */,
				29B12A3A2A24CAE200F19885 /* ContentView.swift in Sources */,
				29B12A4A2A24E83B00F19885 /* enums.swift in Sources */,
				29B12A542A24F69F00F19885 /* TakeABreakView.swift in Sources */,
				29B12A522A24EAC200F19885 /* SettingsView.swift in Sources */,
				29B12A4C2A24EAA100F19885 /* NotesView.swift in Sources */,
				29B12A4E2A24EAAB00F19885 /* CalenderView.swift in Sources */,
				29B12A382A24CAE200F19885 /* CorporateWellnessApp.swift in Sources */,
				29B12A482A24E7E000F19885 /* Dashboard.swift in Sources */,
				29B12A462A24D5A000F19885 /* extensions.swift in Sources */,
			);
			runOnlyForDeploymentPostprocessing = 0;
		};
/* End PBXSourcesBuildPhase section */

/* Begin XCBuildConfiguration section */
		29B12A402A24CAE300F19885 /* Debug */ = {
			isa = XCBuildConfiguration;
			buildSettings = {
				ALWAYS_SEARCH_USER_PATHS = NO;
				CLANG_ANALYZER_NONNULL = YES;
				CLANG_ANALYZER_NUMBER_OBJECT_CONVERSION = YES_AGGRESSIVE;
				CLANG_CXX_LANGUAGE_STANDARD = "gnu++20";
				CLANG_ENABLE_MODULES = YES;
				CLANG_ENABLE_OBJC_ARC = YES;
				CLANG_ENABLE_OBJC_WEAK = YES;
				CLANG_WARN_BLOCK_CAPTURE_AUTORELEASING = YES;
				CLANG_WARN_BOOL_CONVERSION = YES;
				CLANG_WARN_COMMA = YES;
				CLANG_WARN_CONSTANT_CONVERSION = YES;
				CLANG_WARN_DEPRECATED_OBJC_IMPLEMENTATIONS = YES;
				CLANG_WARN_DIRECT_OBJC_ISA_USAGE = YES_ERROR;
				CLANG_WARN_DOCUMENTATION_COMMENTS = YES;
				CLANG_WARN_EMPTY_BODY = YES;
				CLANG_WARN_ENUM_CONVERSION = YES;
				CLANG_WARN_INFINITE_RECURSION = YES;
				CLANG_WARN_INT_CONVERSION = YES;
				CLANG_WARN_NON_LITERAL_NULL_CONVERSION = YES;
				CLANG_WARN_OBJC_IMPLICIT_RETAIN_SELF = YES;
				CLANG_WARN_OBJC_LITERAL_CONVERSION = YES;
				CLANG_WARN_OBJC_ROOT_CLASS = YES_ERROR;
				CLANG_WARN_QUOTED_INCLUDE_IN_FRAMEWORK_HEADER = YES;
				CLANG_WARN_RANGE_LOOP_ANALYSIS = YES;
				CLANG_WARN_STRICT_PROTOTYPES = YES;
				CLANG_WARN_SUSPICIOUS_MOVE = YES;
				CLANG_WARN_UNGUARDED_AVAILABILITY = YES_AGGRESSIVE;
				CLANG_WARN_UNREACHABLE_CODE = YES;
				CLANG_WARN__DUPLICATE_METHOD_MATCH = YES;
				COPY_PHASE_STRIP = NO;
				DEBUG_INFORMATION_FORMAT = dwarf;
				ENABLE_STRICT_OBJC_MSGSEND = YES;
				ENABLE_TESTABILITY = YES;
				GCC_C_LANGUAGE_STANDARD = gnu11;
				GCC_DYNAMIC_NO_PIC = NO;
				GCC_NO_COMMON_BLOCKS = YES;
				GCC_OPTIMIZATION_LEVEL = 0;
				GCC_PREPROCESSOR_DEFINITIONS = (
					"DEBUG=1",
					"$(inherited)",
				);
				GCC_WARN_64_TO_32_BIT_CONVERSION = YES;
				GCC_WARN_ABOUT_RETURN_TYPE = YES_ERROR;
				GCC_WARN_UNDECLARED_SELECTOR = YES;
				GCC_WARN_UNINITIALIZED_AUTOS = YES_AGGRESSIVE;
				GCC_WARN_UNUSED_FUNCTION = YES;
				GCC_WARN_UNUSED_VARIABLE = YES;
				IPHONEOS_DEPLOYMENT_TARGET = 16.2;
				MTL_ENABLE_DEBUG_INFO = INCLUDE_SOURCE;
				MTL_FAST_MATH = YES;
				ONLY_ACTIVE_ARCH = YES;
				SDKROOT = iphoneos;
				SWIFT_ACTIVE_COMPILATION_CONDITIONS = DEBUG;
				SWIFT_OPTIMIZATION_LEVEL = "-Onone";
			};
			name = Debug;
		};
		29B12A412A24CAE300F19885 /* Release */ = {
			isa = XCBuildConfiguration;
			buildSettings = {
				ALWAYS_SEARCH_USER_PATHS = NO;
				CLANG_ANALYZER_NONNULL = YES;
				CLANG_ANALYZER_NUMBER_OBJECT_CONVERSION = YES_AGGRESSIVE;
				CLANG_CXX_LANGUAGE_STANDARD = "gnu++20";
				CLANG_ENABLE_MODULES = YES;
				CLANG_ENABLE_OBJC_ARC = YES;
				CLANG_ENABLE_OBJC_WEAK = YES;
				CLANG_WARN_BLOCK_CAPTURE_AUTORELEASING = YES;
				CLANG_WARN_BOOL_CONVERSION = YES;
				CLANG_WARN_COMMA = YES;
				CLANG_WARN_CONSTANT_CONVERSION = YES;
				CLANG_WARN_DEPRECATED_OBJC_IMPLEMENTATIONS = YES;
				CLANG_WARN_DIRECT_OBJC_ISA_USAGE = YES_ERROR;
				CLANG_WARN_DOCUMENTATION_COMMENTS = YES;
				CLANG_WARN_EMPTY_BODY = YES;
				CLANG_WARN_ENUM_CONVERSION = YES;
				CLANG_WARN_INFINITE_RECURSION = YES;
				CLANG_WARN_INT_CONVERSION = YES;
				CLANG_WARN_NON_LITERAL_NULL_CONVERSION = YES;
				CLANG_WARN_OBJC_IMPLICIT_RETAIN_SELF = YES;
				CLANG_WARN_OBJC_LITERAL_CONVERSION = YES;
				CLANG_WARN_OBJC_ROOT_CLASS = YES_ERROR;
				CLANG_WARN_QUOTED_INCLUDE_IN_FRAMEWORK_HEADER = YES;
				CLANG_WARN_RANGE_LOOP_ANALYSIS = YES;
				CLANG_WARN_STRICT_PROTOTYPES = YES;
				CLANG_WARN_SUSPICIOUS_MOVE = YES;
				CLANG_WARN_UNGUARDED_AVAILABILITY = YES_AGGRESSIVE;
				CLANG_WARN_UNREACHABLE_CODE = YES;
				CLANG_WARN__DUPLICATE_METHOD_MATCH = YES;
				COPY_PHASE_STRIP = NO;
				DEBUG_INFORMATION_FORMAT = "dwarf-with-dsym";
				ENABLE_NS_ASSERTIONS = NO;
				ENABLE_STRICT_OBJC_MSGSEND = YES;
				GCC_C_LANGUAGE_STANDARD = gnu11;
				GCC_NO_COMMON_BLOCKS = YES;
				GCC_WARN_64_TO_32_BIT_CONVERSION = YES;
				GCC_WARN_ABOUT_RETURN_TYPE = YES_ERROR;
				GCC_WARN_UNDECLARED_SELECTOR = YES;
				GCC_WARN_UNINITIALIZED_AUTOS = YES_AGGRESSIVE;
				GCC_WARN_UNUSED_FUNCTION = YES;
				GCC_WARN_UNUSED_VARIABLE = YES;
				IPHONEOS_DEPLOYMENT_TARGET = 16.2;
				MTL_ENABLE_DEBUG_INFO = NO;
				MTL_FAST_MATH = YES;
				SDKROOT = iphoneos;
				SWIFT_COMPILATION_MODE = wholemodule;
				SWIFT_OPTIMIZATION_LEVEL = "-O";
				VALIDATE_PRODUCT = YES;
			};
			name = Release;
		};
		29B12A432A24CAE300F19885 /* Debug */ = {
			isa = XCBuildConfiguration;
			buildSettings = {
				ASSETCATALOG_COMPILER_APPICON_NAME = AppIcon;
				ASSETCATALOG_COMPILER_GLOBAL_ACCENT_COLOR_NAME = AccentColor;
				CODE_SIGN_STYLE = Automatic;
				CURRENT_PROJECT_VERSION = 1;
				DEVELOPMENT_ASSET_PATHS = "\"CorporateWellness/Preview Content\"";
				ENABLE_PREVIEWS = YES;
				GENERATE_INFOPLIST_FILE = YES;
				INFOPLIST_FILE = CorporateWellness/Info.plist;
				INFOPLIST_KEY_LSApplicationCategoryType = "";
				INFOPLIST_KEY_UIApplicationSceneManifest_Generation = YES;
				INFOPLIST_KEY_UIApplicationSupportsIndirectInputEvents = YES;
				INFOPLIST_KEY_UILaunchScreen_Generation = YES;
				INFOPLIST_KEY_UISupportedInterfaceOrientations_iPad = "UIInterfaceOrientationPortrait UIInterfaceOrientationPortraitUpsideDown UIInterfaceOrientationLandscapeLeft UIInterfaceOrientationLandscapeRight";
				INFOPLIST_KEY_UISupportedInterfaceOrientations_iPhone = "UIInterfaceOrientationPortrait UIInterfaceOrientationLandscapeLeft UIInterfaceOrientationLandscapeRight";
				LD_RUNPATH_SEARCH_PATHS = (
					"$(inherited)",
					"@executable_path/Frameworks",
				);
				MARKETING_VERSION = 1.0;
				PRODUCT_BUNDLE_IDENTIFIER = com.nas.CorporateWellness;
				PRODUCT_NAME = "$(TARGET_NAME)";
				SWIFT_EMIT_LOC_STRINGS = YES;
				SWIFT_VERSION = 5.0;
				TARGETED_DEVICE_FAMILY = "1,2";
			};
			name = Debug;
		};
		29B12A442A24CAE300F19885 /* Release */ = {
			isa = XCBuildConfiguration;
			buildSettings = {
				ASSETCATALOG_COMPILER_APPICON_NAME = AppIcon;
				ASSETCATALOG_COMPILER_GLOBAL_ACCENT_COLOR_NAME = AccentColor;
				CODE_SIGN_STYLE = Automatic;
				CURRENT_PROJECT_VERSION = 1;
				DEVELOPMENT_ASSET_PATHS = "\"CorporateWellness/Preview Content\"";
				ENABLE_PREVIEWS = YES;
				GENERATE_INFOPLIST_FILE = YES;
				INFOPLIST_FILE = CorporateWellness/Info.plist;
				INFOPLIST_KEY_LSApplicationCategoryType = "";
				INFOPLIST_KEY_UIApplicationSceneManifest_Generation = YES;
				INFOPLIST_KEY_UIApplicationSupportsIndirectInputEvents = YES;
				INFOPLIST_KEY_UILaunchScreen_Generation = YES;
				INFOPLIST_KEY_UISupportedInterfaceOrientations_iPad = "UIInterfaceOrientationPortrait UIInterfaceOrientationPortraitUpsideDown UIInterfaceOrientationLandscapeLeft UIInterfaceOrientationLandscapeRight";
				INFOPLIST_KEY_UISupportedInterfaceOrientations_iPhone = "UIInterfaceOrientationPortrait UIInterfaceOrientationLandscapeLeft UIInterfaceOrientationLandscapeRight";
				LD_RUNPATH_SEARCH_PATHS = (
					"$(inherited)",
					"@executable_path/Frameworks",
				);
				MARKETING_VERSION = 1.0;
				PRODUCT_BUNDLE_IDENTIFIER = com.nas.CorporateWellness;
				PRODUCT_NAME = "$(TARGET_NAME)";
				SWIFT_EMIT_LOC_STRINGS = YES;
				SWIFT_VERSION = 5.0;
				TARGETED_DEVICE_FAMILY = "1,2";
			};
			name = Release;
		};
/* End XCBuildConfiguration section */

/* Begin XCConfigurationList section */
		29B12A2F2A24CAE200F19885 /* Build configuration list for PBXProject "CorporateWellness" */ = {
			isa = XCConfigurationList;
			buildConfigurations = (
				29B12A402A24CAE300F19885 /* Debug */,
				29B12A412A24CAE300F19885 /* Release */,
			);
			defaultConfigurationIsVisible = 0;
			defaultConfigurationName = Release;
		};
		29B12A422A24CAE300F19885 /* Build configuration list for PBXNativeTarget "CorporateWellness" */ = {
			isa = XCConfigurationList;
			buildConfigurations = (
				29B12A432A24CAE300F19885 /* Debug */,
				29B12A442A24CAE300F19885 /* Release */,
			);
			defaultConfigurationIsVisible = 0;
			defaultConfigurationName = Release;
		};
/* End XCConfigurationList section */
	};
	rootObject = 29B12A2C2A24CAE200F19885 /* Project object */;
}
